
Microsoft Visual Studio Solution File, Format Version 12.00
# Visual Studio Version 16
VisualStudioVersion = 16.0.30204.135
MinimumVisualStudioVersion = 10.0.40219.1
Project("{FAE04EC0-301F-11D3-BF4B-00C04F79EFBC}") = "Zadatak_wpf", "Zadatak_wpf\Zadatak_wpf.csproj", "{AA6B8765-0789-4B9F-A5B2-CBEADB2B075F}"
EndProject
Global
	GlobalSection(SolutionConfigurationPlatforms) = preSolution
		Debug|Any CPU = Debug|Any CPU
		Release|Any CPU = Release|Any CPU
	EndGlobalSection
	GlobalSection(ProjectConfigurationPlatforms) = postSolution
		{AA6B8765-0789-4B9F-A5B2-CBEADB2B075F}.Debug|Any CPU.ActiveCfg = Debug|Any CPU
		{AA6B8765-0789-4B9F-A5B2-CBEADB2B075F}.Debug|Any CPU.Build.0 = Debug|Any CPU
		{AA6B8765-0789-4B9F-A5B2-CBEADB2B075F}.Release|Any CPU.ActiveCfg = Release|Any CPU
		{AA6B8765-0789-4B9F-A5B2-CBEADB2B075F}.Release|Any CPU.Build.0 = Release|Any CPU
	EndGlobalSection
	GlobalSection(SolutionProperties) = preSolution
		HideSolutionNode = FALSE
	EndGlobalSection
	GlobalSection(ExtensibilityGlobals) = postSolution
		SolutionGuid = {16866135-6AD4-4AA6-B8D4-3DCB2D11646D}
	EndGlobalSection
EndGlobal
